// !$*UTF8*$!
{
	archiveVersion = 1;
	classes = {
	};
	objectVersion = 46;
	objects = {

/* Begin PBXBuildFile section */
		E650505E1C2D8FCE00EED57A /* main.m in Sources */ = {isa = PBXBuildFile; fileRef = E650505D1C2D8FCE00EED57A /* main.m */; };
		E65050611C2D8FCE00EED57A /* AppDelegate.m in Sources */ = {isa = PBXBuildFile; fileRef = E65050601C2D8FCE00EED57A /* AppDelegate.m */; };
		E65050641C2D8FCE00EED57A /* ViewController.m in Sources */ = {isa = PBXBuildFile; fileRef = E65050631C2D8FCE00EED57A /* ViewController.m */; };
		E65050671C2D8FCE00EED57A /* Main.storyboard in Resources */ = {isa = PBXBuildFile; fileRef = E65050651C2D8FCE00EED57A /* Main.storyboard */; };
		E65050691C2D8FCE00EED57A /* Assets.xcassets in Resources */ = {isa = PBXBuildFile; fileRef = E65050681C2D8FCE00EED57A /* Assets.xcassets */; };
		E650506C1C2D8FCE00EED57A /* LaunchScreen.storyboard in Resources */ = {isa = PBXBuildFile; fileRef = E650506A1C2D8FCE00EED57A /* LaunchScreen.storyboard */; };
		E65050761C2D99E200EED57A /* libPushSDK-1.8.8.a in Frameworks */ = {isa = PBXBuildFile; fileRef = E65050751C2D99E200EED57A /* libPushSDK-1.8.8.a */; };
		E65050781C2D9A6100EED57A /* CFNetwork.framework in Frameworks */ = {isa = PBXBuildFile; fileRef = E65050771C2D9A6100EED57A /* CFNetwork.framework */; };
		E650507A1C2D9ABF00EED57A /* CoreFoundation.framework in Frameworks */ = {isa = PBXBuildFile; fileRef = E65050791C2D9ABF00EED57A /* CoreFoundation.framework */; };
		E650507C1C2D9AC600EED57A /* CoreTelephony.framework in Frameworks */ = {isa = PBXBuildFile; fileRef = E650507B1C2D9AC600EED57A /* CoreTelephony.framework */; };
		E650507E1C2D9ADE00EED57A /* SystemConfiguration.framework in Frameworks */ = {isa = PBXBuildFile; fileRef = E650507D1C2D9ADE00EED57A /* SystemConfiguration.framework */; };
		E65050801C2D9AE900EED57A /* CoreGraphics.framework in Frameworks */ = {isa = PBXBuildFile; fileRef = E650507F1C2D9AE900EED57A /* CoreGraphics.framework */; };
		E65050821C2D9AFD00EED57A /* Security.framework in Frameworks */ = {isa = PBXBuildFile; fileRef = E65050811C2D9AFD00EED57A /* Security.framework */; };
		E65050841C2D9B2600EED57A /* libz.tbd in Frameworks */ = {isa = PBXBuildFile; fileRef = E65050831C2D9B2600EED57A /* libz.tbd */; };
		E65050861C2D9BCC00EED57A /* PushConfig.plist in Resources */ = {isa = PBXBuildFile; fileRef = E65050851C2D9BCC00EED57A /* PushConfig.plist */; };
		E6C0398F1C2DA77D009F8630 /* unbelievable.caf in Resources */ = {isa = PBXBuildFile; fileRef = E6C0398E1C2DA77D009F8630 /* unbelievable.caf */; };
/* End PBXBuildFile section */

/* Begin PBXFileReference section */
		E65050591C2D8FCE00EED57A /* CustomAlertSoundsDemo.app */ = {isa = PBXFileReference; explicitFileType = wrapper.application; includeInIndex = 0; path = CustomAlertSoundsDemo.app; sourceTree = BUILT_PRODUCTS_DIR; };
		E650505D1C2D8FCE00EED57A /* main.m */ = {isa = PBXFileReference; lastKnownFileType = sourcecode.c.objc; path = main.m; sourceTree = "<group>"; };
		E650505F1C2D8FCE00EED57A /* AppDelegate.h */ = {isa = PBXFileReference; lastKnownFileType = sourcecode.c.h; path = AppDelegate.h; sourceTree = "<group>"; };
		E65050601C2D8FCE00EED57A /* AppDelegate.m */ = {isa = PBXFileReference; lastKnownFileType = sourcecode.c.objc; path = AppDelegate.m; sourceTree = "<group>"; };
		E65050621C2D8FCE00EED57A /* ViewController.h */ = {isa = PBXFileReference; lastKnownFileType = sourcecode.c.h; path = ViewController.h; sourceTree = "<group>"; };
		E65050631C2D8FCE00EED57A /* ViewController.m */ = {isa = PBXFileReference; lastKnownFileType = sourcecode.c.objc; path = ViewController.m; sourceTree = "<group>"; };
		E65050661C2D8FCE00EED57A /* Base */ = {isa = PBXFileReference; lastKnownFileType = file.storyboard; name = Base; path = Base.lproj/Main.storyboard; sourceTree = "<group>"; };
		E65050681C2D8FCE00EED57A /* Assets.xcassets */ = {isa = PBXFileReference; lastKnownFileType = folder.assetcatalog; path = Assets.xcassets; sourceTree = "<group>"; };
		E650506B1C2D8FCE00EED57A /* Base */ = {isa = PBXFileReference; lastKnownFileType = file.storyboard; name = Base; path = Base.lproj/LaunchScreen.storyboard; sourceTree = "<group>"; };
		E650506D1C2D8FCE00EED57A /* Info.plist */ = {isa = PBXFileReference; lastKnownFileType = text.plist.xml; path = Info.plist; sourceTree = "<group>"; };
		E65050741C2D99E200EED57A /* APService.h */ = {isa = PBXFileReference; fileEncoding = 4; lastKnownFileType = sourcecode.c.h; path = APService.h; sourceTree = "<group>"; };
		E65050751C2D99E200EED57A /* libPushSDK-1.8.8.a */ = {isa = PBXFileReference; lastKnownFileType = archive.ar; path = "libPushSDK-1.8.8.a"; sourceTree = "<group>"; };
		E65050771C2D9A6100EED57A /* CFNetwork.framework */ = {isa = PBXFileReference; lastKnownFileType = wrapper.framework; name = CFNetwork.framework; path = System/Library/Frameworks/CFNetwork.framework; sourceTree = SDKROOT; };
		E65050791C2D9ABF00EED57A /* CoreFoundation.framework */ = {isa = PBXFileReference; lastKnownFileType = wrapper.framework; name = CoreFoundation.framework; path = System/Library/Frameworks/CoreFoundation.framework; sourceTree = SDKROOT; };
		E650507B1C2D9AC600EED57A /* CoreTelephony.framework */ = {isa = PBXFileReference; lastKnownFileType = wrapper.framework; name = CoreTelephony.framework; path = System/Library/Frameworks/CoreTelephony.framework; sourceTree = SDKROOT; };
		E650507D1C2D9ADE00EED57A /* SystemConfiguration.framework */ = {isa = PBXFileReference; lastKnownFileType = wrapper.framework; name = SystemConfiguration.framework; path = System/Library/Frameworks/SystemConfiguration.framework; sourceTree = SDKROOT; };
		E650507F1C2D9AE900EED57A /* CoreGraphics.framework */ = {isa = PBXFileReference; lastKnownFileType = wrapper.framework; name = CoreGraphics.framework; path = System/Library/Frameworks/CoreGraphics.framework; sourceTree = SDKROOT; };
		E65050811C2D9AFD00EED57A /* Security.framework */ = {isa = PBXFileReference; lastKnownFileType = wrapper.framework; name = Security.framework; path = System/Library/Frameworks/Security.framework; sourceTree = SDKROOT; };
		E65050831C2D9B2600EED57A /* libz.tbd */ = {isa = PBXFileReference; lastKnownFileType = "sourcecode.text-based-dylib-definition"; name = libz.tbd; path = usr/lib/libz.tbd; sourceTree = SDKROOT; };
		E65050851C2D9BCC00EED57A /* PushConfig.plist */ = {isa = PBXFileReference; fileEncoding = 4; lastKnownFileType = text.plist.xml; path = PushConfig.plist; sourceTree = "<group>"; };
		E6C0398E1C2DA77D009F8630 /* unbelievable.caf */ = {isa = PBXFileReference; lastKnownFileType = file; path = unbelievable.caf; sourceTree = "<group>"; };
/* End PBXFileReference section */

/* Begin PBXFrameworksBuildPhase section */
		E65050561C2D8FCE00EED57A /* Frameworks */ = {
			isa = PBXFrameworksBuildPhase;
			buildActionMask = 2147483647;
			files = (
				E65050841C2D9B2600EED57A /* libz.tbd in Frameworks */,
				E65050821C2D9AFD00EED57A /* Security.framework in Frameworks */,
				E65050801C2D9AE900EED57A /* CoreGraphics.framework in Frameworks */,
				E650507E1C2D9ADE00EED57A /* SystemConfiguration.framework in Frameworks */,
				E650507C1C2D9AC600EED57A /* CoreTelephony.framework in Frameworks */,
				E650507A1C2D9ABF00EED57A /* CoreFoundation.framework in Frameworks */,
				E65050781C2D9A6100EED57A /* CFNetwork.framework in Frameworks */,
				E65050761C2D99E200EED57A /* libPushSDK-1.8.8.a in Frameworks */,
			);
			runOnlyForDeploymentPostprocessing = 0;
		};
/* End PBXFrameworksBuildPhase section */

/* Begin PBXGroup section */
		E65050501C2D8FCE00EED57A = {
			isa = PBXGroup;
			children = (
				E65050831C2D9B2600EED57A /* libz.tbd */,
				E65050811C2D9AFD00EED57A /* Security.framework */,
				E650507F1C2D9AE900EED57A /* CoreGraphics.framework */,
				E650507D1C2D9ADE00EED57A /* SystemConfiguration.framework */,
				E650507B1C2D9AC600EED57A /* CoreTelephony.framework */,
				E65050791C2D9ABF00EED57A /* CoreFoundation.framework */,
				E65050771C2D9A6100EED57A /* CFNetwork.framework */,
				E650505B1C2D8FCE00EED57A /* CustomAlertSoundsDemo */,
				E650505A1C2D8FCE00EED57A /* Products */,
			);
			sourceTree = "<group>";
		};
		E650505A1C2D8FCE00EED57A /* Products */ = {
			isa = PBXGroup;
			children = (
				E65050591C2D8FCE00EED57A /* CustomAlertSoundsDemo.app */,
			);
			name = Products;
			sourceTree = "<group>";
		};
		E650505B1C2D8FCE00EED57A /* CustomAlertSoundsDemo */ = {
			isa = PBXGroup;
			children = (
				E650505F1C2D8FCE00EED57A /* AppDelegate.h */,
				E65050601C2D8FCE00EED57A /* AppDelegate.m */,
				E65050621C2D8FCE00EED57A /* ViewController.h */,
				E65050631C2D8FCE00EED57A /* ViewController.m */,
				E65050651C2D8FCE00EED57A /* Main.storyboard */,
				E65050681C2D8FCE00EED57A /* Assets.xcassets */,
				E650506A1C2D8FCE00EED57A /* LaunchScreen.storyboard */,
				E650506D1C2D8FCE00EED57A /* Info.plist */,
				E65050851C2D9BCC00EED57A /* PushConfig.plist */,
				E6C0398E1C2DA77D009F8630 /* unbelievable.caf */,
				E65050731C2D99E200EED57A /* lib */,
				E650505C1C2D8FCE00EED57A /* Supporting Files */,
			);
			path = CustomAlertSoundsDemo;
			sourceTree = "<group>";
		};
		E650505C1C2D8FCE00EED57A /* Supporting Files */ = {
			isa = PBXGroup;
			children = (
				E650505D1C2D8FCE00EED57A /* main.m */,
			);
			name = "Supporting Files";
			sourceTree = "<group>";
		};
		E65050731C2D99E200EED57A /* lib */ = {
			isa = PBXGroup;
			children = (
				E65050741C2D99E200EED57A /* APService.h */,
				E65050751C2D99E200EED57A /* libPushSDK-1.8.8.a */,
			);
			path = lib;
			sourceTree = "<group>";
		};
/* End PBXGroup section */

/* Begin PBXNativeTarget section */
		E65050581C2D8FCE00EED57A /* CustomAlertSoundsDemo */ = {
			isa = PBXNativeTarget;
			buildConfigurationList = E65050701C2D8FCE00EED57A /* Build configuration list for PBXNativeTarget "CustomAlertSoundsDemo" */;
			buildPhases = (
				E65050551C2D8FCE00EED57A /* Sources */,
				E65050561C2D8FCE00EED57A /* Frameworks */,
				E65050571C2D8FCE00EED57A /* Resources */,
			);
			buildRules = (
			);
			dependencies = (
			);
			name = CustomAlertSoundsDemo;
			productName = CustomAlertSoundsDemo;
			productReference = E65050591C2D8FCE00EED57A /* CustomAlertSoundsDemo.app */;
			productType = "com.apple.product-type.application";
		};
/* End PBXNativeTarget section */

/* Begin PBXProject section */
		E65050511C2D8FCE00EED57A /* Project object */ = {
			isa = PBXProject;
			attributes = {
				LastUpgradeCheck = 0720;
				ORGANIZATIONNAME = lengmolehongyan;
				TargetAttributes = {
					E65050581C2D8FCE00EED57A = {
						CreatedOnToolsVersion = 7.2;
						SystemCapabilities = {
							com.apple.BackgroundModes = {
								enabled = 1;
							};
						};
					};
				};
			};
			buildConfigurationList = E65050541C2D8FCE00EED57A /* Build configuration list for PBXProject "CustomAlertSoundsDemo" */;
			compatibilityVersion = "Xcode 3.2";
			developmentRegion = English;
			hasScannedForEncodings = 0;
			knownRegions = (
				en,
				Base,
			);
			mainGroup = E65050501C2D8FCE00EED57A;
			productRefGroup = E650505A1C2D8FCE00EED57A /* Products */;
			projectDirPath = "";
			projectRoot = "";
			targets = (
				E65050581C2D8FCE00EED57A /* CustomAlertSoundsDemo */,
			);
		};
/* End PBXProject section */

/* Begin PBXResourcesBuildPhase section */
		E65050571C2D8FCE00EED57A /* Resources */ = {
			isa = PBXResourcesBuildPhase;
			buildActionMask = 2147483647;
			files = (
				E65050861C2D9BCC00EED57A /* PushConfig.plist in Resources */,
				E6C0398F1C2DA77D009F8630 /* unbelievable.caf in Resources */,
				E650506C1C2D8FCE00EED57A /* LaunchScreen.storyboard in Resources */,
				E65050691C2D8FCE00EED57A /* Assets.xcassets in Resources */,
				E65050671C2D8FCE00EED57A /* Main.storyboard in Resources */,
			);
			runOnlyForDeploymentPostprocessing = 0;
		};
/* End PBXResourcesBuildPhase section */

/* Begin PBXSourcesBuildPhase section */
		E65050551C2D8FCE00EED57A /* Sources */ = {
			isa = PBXSourcesBuildPhase;
			buildActionMask = 2147483647;
			files = (
				E65050641C2D8FCE00EED57A /* ViewController.m in Sources */,
				E65050611C2D8FCE00EED57A /* AppDelegate.m in Sources */,
				E650505E1C2D8FCE00EED57A /* main.m in Sources */,
			);
			runOnlyForDeploymentPostprocessing = 0;
		};
/* End PBXSourcesBuildPhase section */

/* Begin PBXVariantGroup section */
		E65050651C2D8FCE00EED57A /* Main.storyboard */ = {
			isa = PBXVariantGroup;
			children = (
				E65050661C2D8FCE00EED57A /* Base */,
			);
			name = Main.storyboard;
			sourceTree = "<group>";
		};
		E650506A1C2D8FCE00EED57A /* LaunchScreen.storyboard */ = {
			isa = PBXVariantGroup;
			children = (
				E650506B1C2D8FCE00EED57A /* Base */,
			);
			name = LaunchScreen.storyboard;
			sourceTree = "<group>";
		};
/* End PBXVariantGroup section */

/* Begin XCBuildConfiguration section */
		E650506E1C2D8FCE00EED57A /* Debug */ = {
			isa = XCBuildConfiguration;
			buildSettings = {
				ALWAYS_SEARCH_USER_PATHS = NO;
				CLANG_CXX_LANGUAGE_STANDARD = "gnu++0x";
				CLANG_CXX_LIBRARY = "libc++";
				CLANG_ENABLE_MODULES = YES;
				CLANG_ENABLE_OBJC_ARC = YES;
				CLANG_WARN_BOOL_CONVERSION = YES;
				CLANG_WARN_CONSTANT_CONVERSION = YES;
				CLANG_WARN_DIRECT_OBJC_ISA_USAGE = YES_ERROR;
				CLANG_WARN_EMPTY_BODY = YES;
				CLANG_WARN_ENUM_CONVERSION = YES;
				CLANG_WARN_INT_CONVERSION = YES;
				CLANG_WARN_OBJC_ROOT_CLASS = YES_ERROR;
				CLANG_WARN_UNREACHABLE_CODE = YES;
				CLANG_WARN__DUPLICATE_METHOD_MATCH = YES;
				"CODE_SIGN_IDENTITY[sdk=iphoneos*]" = "iPhone Developer";
				COPY_PHASE_STRIP = NO;
				DEBUG_INFORMATION_FORMAT = dwarf;
				ENABLE_STRICT_OBJC_MSGSEND = YES;
				ENABLE_TESTABILITY = YES;
				GCC_C_LANGUAGE_STANDARD = gnu99;
				GCC_DYNAMIC_NO_PIC = NO;
				GCC_NO_COMMON_BLOCKS = YES;
				GCC_OPTIMIZATION_LEVEL = 0;
				GCC_PREPROCESSOR_DEFINITIONS = (
					"DEBUG=1",
					"$(inherited)",
				);
				GCC_WARN_64_TO_32_BIT_CONVERSION = YES;
				GCC_WARN_ABOUT_RETURN_TYPE = YES_ERROR;
				GCC_WARN_UNDECLARED_SELECTOR = YES;
				GCC_WARN_UNINITIALIZED_AUTOS = YES_AGGRESSIVE;
				GCC_WARN_UNUSED_FUNCTION = YES;
				GCC_WARN_UNUSED_VARIABLE = YES;
				IPHONEOS_DEPLOYMENT_TARGET = 9.2;
				MTL_ENABLE_DEBUG_INFO = YES;
				ONLY_ACTIVE_ARCH = YES;
				SDKROOT = iphoneos;
			};
			name = Debug;
		};
		E650506F1C2D8FCE00EED57A /* Release */ = {
			isa = XCBuildConfiguration;
			buildSettings = {
				ALWAYS_SEARCH_USER_PATHS = NO;
				CLANG_CXX_LANGUAGE_STANDARD = "gnu++0x";
				CLANG_CXX_LIBRARY = "libc++";
				CLANG_ENABLE_MODULES = YES;
				CLANG_ENABLE_OBJC_ARC = YES;
				CLANG_WARN_BOOL_CONVERSION = YES;
				CLANG_WARN_CONSTANT_CONVERSION = YES;
				CLANG_WARN_DIRECT_OBJC_ISA_USAGE = YES_ERROR;
				CLANG_WARN_EMPTY_BODY = YES;
				CLANG_WARN_ENUM_CONVERSION = YES;
				CLANG_WARN_INT_CONVERSION = YES;
				CLANG_WARN_OBJC_ROOT_CLASS = YES_ERROR;
				CLANG_WARN_UNREACHABLE_CODE = YES;
				CLANG_WARN__DUPLICATE_METHOD_MATCH = YES;
				"CODE_SIGN_IDENTITY[sdk=iphoneos*]" = "iPhone Developer";
				COPY_PHASE_STRIP = NO;
				DEBUG_INFORMATION_FORMAT = "dwarf-with-dsym";
				ENABLE_NS_ASSERTIONS = NO;
				ENABLE_STRICT_OBJC_MSGSEND = YES;
				GCC_C_LANGUAGE_STANDARD = gnu99;
				GCC_NO_COMMON_BLOCKS = YES;
				GCC_WARN_64_TO_32_BIT_CONVERSION = YES;
				GCC_WARN_ABOUT_RETURN_TYPE = YES_ERROR;
				GCC_WARN_UNDECLARED_SELECTOR = YES;
				GCC_WARN_UNINITIALIZED_AUTOS = YES_AGGRESSIVE;
				GCC_WARN_UNUSED_FUNCTION = YES;
				GCC_WARN_UNUSED_VARIABLE = YES;
				IPHONEOS_DEPLOYMENT_TARGET = 9.2;
				MTL_ENABLE_DEBUG_INFO = NO;
				SDKROOT = iphoneos;
				VALIDATE_PRODUCT = YES;
			};
			name = Release;
		};
		E65050711C2D8FCE00EED57A /* Debug */ = {
			isa = XCBuildConfiguration;
			buildSettings = {
				ASSETCATALOG_COMPILER_APPICON_NAME = AppIcon;
				CODE_SIGN_IDENTITY = "iPhone Developer";
				HEADER_SEARCH_PATHS = "$(PROJECT_DIR)/CustomAlertSoundsDemo/lib";
				INFOPLIST_FILE = CustomAlertSoundsDemo/Info.plist;
				IPHONEOS_DEPLOYMENT_TARGET = 8.0;
				LD_RUNPATH_SEARCH_PATHS = "$(inherited) @executable_path/Frameworks";
				LIBRARY_SEARCH_PATHS = (
					"$(inherited)",
					"$(PROJECT_DIR)/CustomAlertSoundsDemo/lib",
				);
				PRODUCT_BUNDLE_IDENTIFIER = io.github.lengmolehongyan.;
				PRODUCT_NAME = "$(TARGET_NAME)";
			};
			name = Debug;
		};
		E65050721C2D8FCE00EED57A /* Release */ = {
			isa = XCBuildConfiguration;
			buildSettings = {
				ASSETCATALOG_COMPILER_APPICON_NAME = AppIcon;
				CODE_SIGN_IDENTITY = "iPhone Developer";
				HEADER_SEARCH_PATHS = "$(PROJECT_DIR)/CustomAlertSoundsDemo/lib";
				INFOPLIST_FILE = CustomAlertSoundsDemo/Info.plist;
				IPHONEOS_DEPLOYMENT_TARGET = 8.0;
				LD_RUNPATH_SEARCH_PATHS = "$(inherited) @executable_path/Frameworks";
				LIBRARY_SEARCH_PATHS = (
					"$(inherited)",
					"$(PROJECT_DIR)/CustomAlertSoundsDemo/lib",
				);
				PRODUCT_BUNDLE_IDENTIFIER = io.github.lengmolehongyan.;
				PRODUCT_NAME = "$(TARGET_NAME)";
			};
			name = Release;
		};
/* End XCBuildConfiguration section */

/* Begin XCConfigurationList section */
		E65050541C2D8FCE00EED57A /* Build configuration list for PBXProject "CustomAlertSoundsDemo" */ = {
			isa = XCConfigurationList;
			buildConfigurations = (
				E650506E1C2D8FCE00EED57A /* Debug */,
				E650506F1C2D8FCE00EED57A /* Release */,
			);
			defaultConfigurationIsVisible = 0;
			defaultConfigurationName = Release;
		};
		E65050701C2D8FCE00EED57A /* Build configuration list for PBXNativeTarget "CustomAlertSoundsDemo" */ = {
			isa = XCConfigurationList;
			buildConfigurations = (
				E65050711C2D8FCE00EED57A /* Debug */,
				E65050721C2D8FCE00EED57A /* Release */,
			);
			defaultConfigurationIsVisible = 0;
			defaultConfigurationName = Release;
		};
/* End XCConfigurationList section */
	};
	rootObject = E65050511C2D8FCE00EED57A /* Project object */;
}
